
Microsoft Visual Studio Solution File, Format Version 12.00
# Visual Studio 15
VisualStudioVersion = 15.0.28307.271
MinimumVisualStudioVersion = 10.0.40219.1
Project("{FAE04EC0-301F-11D3-BF4B-00C04F79EFBC}") = "SyncJob.Host", "SyncJob.Host\SyncJob.Host.csproj", "{9658C0F0-6A12-40A5-A103-C12E00E8E984}"
EndProject
Project("{FAE04EC0-301F-11D3-BF4B-00C04F79EFBC}") = "SyncJob.ABPHost", "SyncJob.ABPHost\SyncJob.ABPHost.csproj", "{47071207-397B-48AC-B221-929E1F6031F8}"
EndProject
Global
	GlobalSection(SolutionConfigurationPlatforms) = preSolution
		Debug|Any CPU = Debug|Any CPU
		Release|Any CPU = Release|Any CPU
	EndGlobalSection
	GlobalSection(ProjectConfigurationPlatforms) = postSolution
		{9658C0F0-6A12-40A5-A103-C12E00E8E984}.Debug|Any CPU.ActiveCfg = Debug|Any CPU
		{9658C0F0-6A12-40A5-A103-C12E00E8E984}.Debug|Any CPU.Build.0 = Debug|Any CPU
		{9658C0F0-6A12-40A5-A103-C12E00E8E984}.Release|Any CPU.ActiveCfg = Release|Any CPU
		{9658C0F0-6A12-40A5-A103-C12E00E8E984}.Release|Any CPU.Build.0 = Release|Any CPU
		{47071207-397B-48AC-B221-929E1F6031F8}.Debug|Any CPU.ActiveCfg = Debug|Any CPU
		{47071207-397B-48AC-B221-929E1F6031F8}.Debug|Any CPU.Build.0 = Debug|Any CPU
		{47071207-397B-48AC-B221-929E1F6031F8}.Release|Any CPU.ActiveCfg = Release|Any CPU
		{47071207-397B-48AC-B221-929E1F6031F8}.Release|Any CPU.Build.0 = Release|Any CPU
	EndGlobalSection
	GlobalSection(SolutionProperties) = preSolution
		HideSolutionNode = FALSE
	EndGlobalSection
	GlobalSection(ExtensibilityGlobals) = postSolution
		SolutionGuid = {F000A096-68A8-4341-89C6-79608B36F3B4}
	EndGlobalSection
EndGlobal
